{
  "name": "export-repository-to-file",
  "version": "1.0.6",
  "lockfileVersion": 3,
  "requires": true,
  "packages": {
    "": {
      "name": "export-repository-to-file",
      "version": "1.0.6",
      "license": "MIT",
      "dependencies": {
        "python-shell": "1.0.0"
      },
      "bin": {
        "export-repository-to-file": "index.js"
      }
    },
    "node_modules/python-shell": {
      "version": "1.0.0",
      "resolved": "https://registry.npmjs.org/python-shell/-/python-shell-1.0.0.tgz",
      "integrity": "sha512-tuf6UyGlu8zfir4SW715c0H9Ep4byPg/acTmaTU8KIOhBhRP2rSnw/mM3/Ip90jPJ6b3s9+eiG8qmSwhH6bvCw==",
      "engines": {
        "node": ">=0.10"
      }
    }
  }
}
