{
  "name": "export-repository-to-file",
  "version": "1.1.0",
  "lockfileVersion": 3,
  "requires": true,
  "packages": {
    "": {
      "name": "export-repository-to-file",
      "version": "1.1.0",
      "license": "MIT",
      "dependencies": {
        "python-shell": "1.0.1"
      },
      "bin": {
        "export-repository-to-file": "index.js"
      }
    },
    "node_modules/python-shell": {
      "version": "1.0.1",
      "resolved": "https://registry.npmjs.org/python-shell/-/python-shell-1.0.1.tgz",
      "integrity": "sha512-se1bKSD0cLMt4eULnDwv2jZY7aCxUZJXlNYZfpCuUHuBQlJLFdi1XFewtcSfFygZByH9rRgIOdhXC6iIXBfmNg==",
      "engines": {
        "node": ">=0.10"
      }
    }
  }
}
